
Microsoft Visual Studio Solution File, Format Version 12.00
# Visual Studio Version 17
VisualStudioVersion = 17.14.36408.4
MinimumVisualStudioVersion = 10.0.40219.1
Project("{FAE04EC0-301F-11D3-BF4B-00C04F79EFBC}") = "PCParts.Api", "PCParts\PCParts\PCParts.Api.csproj", "{F1BF99CF-3CD7-4DE9-97C1-9A523AC7638B}"
EndProject
Project("{FAE04EC0-301F-11D3-BF4B-00C04F79EFBC}") = "PCParts.Data", "PCParts.Data\PCParts.Data.csproj", "{1EDC94A2-C4B4-4E07-A97C-23E21F1744CF}"
EndProject
Global
	GlobalSection(SolutionConfigurationPlatforms) = preSolution
		Debug|Any CPU = Debug|Any CPU
		Release|Any CPU = Release|Any CPU
	EndGlobalSection
	GlobalSection(ProjectConfigurationPlatforms) = postSolution
		{F1BF99CF-3CD7-4DE9-97C1-9A523AC7638B}.Debug|Any CPU.ActiveCfg = Debug|Any CPU
		{F1BF99CF-3CD7-4DE9-97C1-9A523AC7638B}.Debug|Any CPU.Build.0 = Debug|Any CPU
		{F1BF99CF-3CD7-4DE9-97C1-9A523AC7638B}.Release|Any CPU.ActiveCfg = Release|Any CPU
		{F1BF99CF-3CD7-4DE9-97C1-9A523AC7638B}.Release|Any CPU.Build.0 = Release|Any CPU
		{1EDC94A2-C4B4-4E07-A97C-23E21F1744CF}.Debug|Any CPU.ActiveCfg = Debug|Any CPU
		{1EDC94A2-C4B4-4E07-A97C-23E21F1744CF}.Debug|Any CPU.Build.0 = Debug|Any CPU
		{1EDC94A2-C4B4-4E07-A97C-23E21F1744CF}.Release|Any CPU.ActiveCfg = Release|Any CPU
		{1EDC94A2-C4B4-4E07-A97C-23E21F1744CF}.Release|Any CPU.Build.0 = Release|Any CPU
	EndGlobalSection
	GlobalSection(SolutionProperties) = preSolution
		HideSolutionNode = FALSE
	EndGlobalSection
	GlobalSection(ExtensibilityGlobals) = postSolution
		SolutionGuid = {33872572-A70E-4AD5-9AF0-1ECD41F4B31A}
	EndGlobalSection
EndGlobal
